
Microsoft Visual Studio Solution File, Format Version 12.00
# Visual Studio 2012
Project("{FAE04EC0-301F-11D3-BF4B-00C04F79EFBC}") = "HextoRGB", "HextoRGB\HextoRGB.csproj", "{7A327B5E-D8D6-4CED-9BB5-FB6BC1FA4D8F}"
EndProject
Global
	GlobalSection(SolutionConfigurationPlatforms) = preSolution
		Debug|iPhoneSimulator = Debug|iPhoneSimulator
		Release|iPhone = Release|iPhone
		Release|iPhoneSimulator = Release|iPhoneSimulator
		Debug|iPhone = Debug|iPhone
	EndGlobalSection
	GlobalSection(ProjectConfigurationPlatforms) = postSolution
		{7A327B5E-D8D6-4CED-9BB5-FB6BC1FA4D8F}.Debug|iPhone.ActiveCfg = Debug|iPhone
		{7A327B5E-D8D6-4CED-9BB5-FB6BC1FA4D8F}.Debug|iPhone.Build.0 = Debug|iPhone
		{7A327B5E-D8D6-4CED-9BB5-FB6BC1FA4D8F}.Debug|iPhoneSimulator.ActiveCfg = Debug|iPhoneSimulator
		{7A327B5E-D8D6-4CED-9BB5-FB6BC1FA4D8F}.Debug|iPhoneSimulator.Build.0 = Debug|iPhoneSimulator
		{7A327B5E-D8D6-4CED-9BB5-FB6BC1FA4D8F}.Release|iPhone.ActiveCfg = Release|iPhone
		{7A327B5E-D8D6-4CED-9BB5-FB6BC1FA4D8F}.Release|iPhone.Build.0 = Release|iPhone
		{7A327B5E-D8D6-4CED-9BB5-FB6BC1FA4D8F}.Release|iPhoneSimulator.ActiveCfg = Release|iPhoneSimulator
		{7A327B5E-D8D6-4CED-9BB5-FB6BC1FA4D8F}.Release|iPhoneSimulator.Build.0 = Release|iPhoneSimulator
	EndGlobalSection
EndGlobal
